
Microsoft Visual Studio Solution File, Format Version 12.00
# Visual Studio 2012
Project("{8BC9CEB8-8B4A-11D0-8D11-00A0C91BC942}") = "BinarySearchTree", "BinarySearchTree\BinarySearchTree.vcxproj", "{41E25D93-2D14-41CD-8064-C50F2FEDC7CD}"
EndProject
Global
	GlobalSection(SolutionConfigurationPlatforms) = preSolution
		Debug|Win32 = Debug|Win32
		Release|Win32 = Release|Win32
	EndGlobalSection
	GlobalSection(ProjectConfigurationPlatforms) = postSolution
		{41E25D93-2D14-41CD-8064-C50F2FEDC7CD}.Debug|Win32.ActiveCfg = Debug|Win32
		{41E25D93-2D14-41CD-8064-C50F2FEDC7CD}.Debug|Win32.Build.0 = Debug|Win32
		{41E25D93-2D14-41CD-8064-C50F2FEDC7CD}.Release|Win32.ActiveCfg = Release|Win32
		{41E25D93-2D14-41CD-8064-C50F2FEDC7CD}.Release|Win32.Build.0 = Release|Win32
	EndGlobalSection
	GlobalSection(SolutionProperties) = preSolution
		HideSolutionNode = FALSE
	EndGlobalSection
EndGlobal
